
Microsoft Visual Studio Solution File, Format Version 12.00
# Visual Studio 15
VisualStudioVersion = 15.0.27703.2042
MinimumVisualStudioVersion = 10.0.40219.1
Project("{8BC9CEB8-8B4A-11D0-8D11-00A0C91BC942}") = "uid_fast", "uid_fast\uid_fast.vcxproj", "{088E21A6-DF90-41A1-B012-7CF7D289CF9F}"
EndProject
Project("{2150E333-8FDC-42A3-9474-1A3956D46DE8}") = "Solution Items", "Solution Items", "{8C9B4FB5-A427-4FE9-88E2-C140BCD127C9}"
	ProjectSection(SolutionItems) = preProject
		LICENSE.md = LICENSE.md
		README.md = README.md
	EndProjectSection
EndProject
Global
	GlobalSection(SolutionConfigurationPlatforms) = preSolution
		Debug|x64 = Debug|x64
		Debug|x86 = Debug|x86
		Release|x64 = Release|x64
		Release|x86 = Release|x86
	EndGlobalSection
	GlobalSection(ProjectConfigurationPlatforms) = postSolution
		{088E21A6-DF90-41A1-B012-7CF7D289CF9F}.Debug|x64.ActiveCfg = Debug|x64
		{088E21A6-DF90-41A1-B012-7CF7D289CF9F}.Debug|x64.Build.0 = Debug|x64
		{088E21A6-DF90-41A1-B012-7CF7D289CF9F}.Debug|x86.ActiveCfg = Debug|Win32
		{088E21A6-DF90-41A1-B012-7CF7D289CF9F}.Debug|x86.Build.0 = Debug|Win32
		{088E21A6-DF90-41A1-B012-7CF7D289CF9F}.Release|x64.ActiveCfg = Release|x64
		{088E21A6-DF90-41A1-B012-7CF7D289CF9F}.Release|x64.Build.0 = Release|x64
		{088E21A6-DF90-41A1-B012-7CF7D289CF9F}.Release|x86.ActiveCfg = Release|Win32
		{088E21A6-DF90-41A1-B012-7CF7D289CF9F}.Release|x86.Build.0 = Release|Win32
	EndGlobalSection
	GlobalSection(SolutionProperties) = preSolution
		HideSolutionNode = FALSE
	EndGlobalSection
	GlobalSection(ExtensibilityGlobals) = postSolution
		SolutionGuid = {979E9810-7562-436C-8978-EE98238C3D1E}
	EndGlobalSection
EndGlobal
